
Microsoft Visual Studio Solution File, Format Version 12.00
# Visual Studio Version 16
VisualStudioVersion = 16.0.31019.35
MinimumVisualStudioVersion = 10.0.40219.1
Project("{FAE04EC0-301F-11D3-BF4B-00C04F79EFBC}") = "luval.ai.docs.common", "luval.ai.docs.common\luval.ai.docs.common.csproj", "{009A2FA6-6FE9-49E1-ABC2-1B497E025496}"
EndProject
Project("{FAE04EC0-301F-11D3-BF4B-00C04F79EFBC}") = "luval.ai.docs.terminal", "luval.ai.docs.terminal\luval.ai.docs.terminal.csproj", "{B5C7C3AA-379B-4EF5-9E0D-4D8D8A7689E9}"
EndProject
Project("{FAE04EC0-301F-11D3-BF4B-00C04F79EFBC}") = "luval.ai.docs.msft", "luval.ai.docs.msft\luval.ai.docs.msft.csproj", "{D7046F67-BE79-4558-B7C5-B20A22439F71}"
EndProject
Global
	GlobalSection(SolutionConfigurationPlatforms) = preSolution
		Debug|Any CPU = Debug|Any CPU
		Release|Any CPU = Release|Any CPU
	EndGlobalSection
	GlobalSection(ProjectConfigurationPlatforms) = postSolution
		{009A2FA6-6FE9-49E1-ABC2-1B497E025496}.Debug|Any CPU.ActiveCfg = Debug|Any CPU
		{009A2FA6-6FE9-49E1-ABC2-1B497E025496}.Debug|Any CPU.Build.0 = Debug|Any CPU
		{009A2FA6-6FE9-49E1-ABC2-1B497E025496}.Release|Any CPU.ActiveCfg = Release|Any CPU
		{009A2FA6-6FE9-49E1-ABC2-1B497E025496}.Release|Any CPU.Build.0 = Release|Any CPU
		{B5C7C3AA-379B-4EF5-9E0D-4D8D8A7689E9}.Debug|Any CPU.ActiveCfg = Debug|Any CPU
		{B5C7C3AA-379B-4EF5-9E0D-4D8D8A7689E9}.Debug|Any CPU.Build.0 = Debug|Any CPU
		{B5C7C3AA-379B-4EF5-9E0D-4D8D8A7689E9}.Release|Any CPU.ActiveCfg = Release|Any CPU
		{B5C7C3AA-379B-4EF5-9E0D-4D8D8A7689E9}.Release|Any CPU.Build.0 = Release|Any CPU
		{D7046F67-BE79-4558-B7C5-B20A22439F71}.Debug|Any CPU.ActiveCfg = Debug|Any CPU
		{D7046F67-BE79-4558-B7C5-B20A22439F71}.Debug|Any CPU.Build.0 = Debug|Any CPU
		{D7046F67-BE79-4558-B7C5-B20A22439F71}.Release|Any CPU.ActiveCfg = Release|Any CPU
		{D7046F67-BE79-4558-B7C5-B20A22439F71}.Release|Any CPU.Build.0 = Release|Any CPU
	EndGlobalSection
	GlobalSection(SolutionProperties) = preSolution
		HideSolutionNode = FALSE
	EndGlobalSection
	GlobalSection(ExtensibilityGlobals) = postSolution
		SolutionGuid = {D5AB4443-96DD-4931-A3C1-54F1050F39E8}
	EndGlobalSection
EndGlobal
